<?xml version="1.0" encoding="utf-8"?>
<Project ToolsVersion="4.0" xmlns="http://schemas.microsoft.com/developer/msbuild/2003">
  <ItemGroup>
    <Filter Include="Inc">
      <UniqueIdentifier>{0e737ed4-e3d0-4ed9-9d9c-6b3ebb962ef4}</UniqueIdentifier>
    </Filter>
    <Filter Include="Src">
      <UniqueIdentifier>{53d72c3f-806c-49c4-b8d8-dbb702b335ad}</UniqueIdentifier>
    </Filter>
    <Filter Include="Inc\Material">
      <UniqueIdentifier>{85d14de4-33b1-4a3e-83fc-de5a693cca34}</UniqueIdentifier>
    </Filter>
    <Filter Include="Inc\Camera">
      <UniqueIdentifier>{668e32dd-9a56-406c-9f07-dc4b17971700}</UniqueIdentifier>
    </Filter>
    <Filter Include="Inc\NFGE_D3d12">
      <UniqueIdentifier>{0a3a6c5f-5ff3-4821-9cc5-f092378bc99d}</UniqueIdentifier>
    </Filter>
    <Filter Include="Src\Util">
      <UniqueIdentifier>{b4ad749b-d67f-4813-b70c-49afc81b3742}</UniqueIdentifier>
    </Filter>
    <Filter Include="Src\NFGE_D3D12">
      <UniqueIdentifier>{1b00ecd9-38c1-4161-bb72-0250a14c22bb}</UniqueIdentifier>
    </Filter>
    <Filter Include="Inc\Mesh">
      <UniqueIdentifier>{6b3d0e7a-c100-4992-86e3-c1eeedcaa404}</UniqueIdentifier>
    </Filter>
    <Filter Include="Inc\RenderObject">
      <UniqueIdentifier>{faee2b0f-c7d8-41d6-867b-c5c27eaa7e2c}</UniqueIdentifier>
    </Filter>
    <Filter Include="Src\Mesh">
      <UniqueIdentifier>{7e5d9856-4de2-44ad-a3ed-1cac9a440075}</UniqueIdentifier>
    </Filter>
    <Filter Include="Src\RenderObject">
      <UniqueIdentifier>{743816b8-d10b-434a-85f7-ea2e850fdc51}</UniqueIdentifier>
    </Filter>
    <Filter Include="Src\Material">
      <UniqueIdentifier>{bf4f11c3-ba61-403c-bfdb-f543e2463be7}</UniqueIdentifier>
    </Filter>
    <Filter Include="Src\Camera">
      <UniqueIdentifier>{0c06e7af-b7ba-4c02-85fd-40d56ea4cd38}</UniqueIdentifier>
    </Filter>
  </ItemGroup>
  <ItemGroup>
    <ClInclude Include="Inc\Common.h">
      <Filter>Inc</Filter>
    </ClInclude>
    <ClInclude Include="Inc\Graphics.h">
      <Filter>Inc</Filter>
    </ClInclude>
    <ClInclude Include="Src\Precompiled.h">
      <Filter>Src</Filter>
    </ClInclude>
    <ClInclude Include="Inc\Colors.h">
      <Filter>Inc\Material</Filter>
    </ClInclude>
    <ClInclude Include="Inc\GraphicsSystem.h">
      <Filter>Inc</Filter>
    </ClInclude>
    <ClInclude Include="Inc\Camera.h">
      <Filter>Inc\Camera</Filter>
    </ClInclude>
    <ClInclude Include="Inc\d3dx12.h">
      <Filter>Inc\NFGE_D3d12</Filter>
    </ClInclude>
    <ClInclude Include="Inc\CommandQueue.h">
      <Filter>Inc\NFGE_D3d12</Filter>
    </ClInclude>
    <ClInclude Include="Src\D3DUtil.h">
      <Filter>Src\Util</Filter>
    </ClInclude>
    <ClInclude Include="Inc\UploadBuffer.h">
      <Filter>Inc\NFGE_D3d12</Filter>
    </ClInclude>
    <ClInclude Include="Inc\DescriptorAllocator.h">
      <Filter>Inc\NFGE_D3d12</Filter>
    </ClInclude>
    <ClInclude Include="Inc\DescriptorAllocatorPage.h">
      <Filter>Inc\NFGE_D3d12</Filter>
    </ClInclude>
    <ClInclude Include="Inc\DescriptorAllocation.h">
      <Filter>Inc\NFGE_D3d12</Filter>
    </ClInclude>
    <ClInclude Include="Inc\DynamicDescriptorHeap.h">
      <Filter>Inc\NFGE_D3d12</Filter>
    </ClInclude>
    <ClInclude Include="Inc\RootSignature.h">
      <Filter>Inc\NFGE_D3d12</Filter>
    </ClInclude>
    <ClInclude Include="Inc\ResourceStateTracker.h">
      <Filter>Inc\NFGE_D3d12</Filter>
    </ClInclude>
    <ClInclude Include="Inc\Resource.h">
      <Filter>Inc\NFGE_D3d12</Filter>
    </ClInclude>
    <ClInclude Include="Inc\RenderTarget.h">
      <Filter>Inc\NFGE_D3d12</Filter>
    </ClInclude>
    <ClInclude Include="Inc\GenerateMipsPSO.h">
      <Filter>Inc\NFGE_D3d12</Filter>
    </ClInclude>
    <ClInclude Include="Inc\VertexBuffer.h">
      <Filter>Inc\NFGE_D3d12</Filter>
    </ClInclude>
    <ClInclude Include="Inc\Buffer.h">
      <Filter>Inc\NFGE_D3d12</Filter>
    </ClInclude>
    <ClInclude Include="Inc\IndexBuffer.h">
      <Filter>Inc\NFGE_D3d12</Filter>
    </ClInclude>
    <ClInclude Include="Inc\Light.h">
      <Filter>Inc\Material</Filter>
    </ClInclude>
    <ClInclude Include="Inc\Material.h">
      <Filter>Inc\Material</Filter>
    </ClInclude>
    <ClInclude Include="Inc\Texture.h">
      <Filter>Inc\Material</Filter>
    </ClInclude>
    <ClInclude Include="Inc\TextureManager.h">
      <Filter>Inc\Material</Filter>
    </ClInclude>
    <ClInclude Include="Inc\VertexType.h">
      <Filter>Inc\Mesh</Filter>
    </ClInclude>
    <ClInclude Include="Inc\Mesh.h">
      <Filter>Inc\Mesh</Filter>
    </ClInclude>
    <ClInclude Include="Inc\Model.h">
      <Filter>Inc\RenderObject</Filter>
    </ClInclude>
    <ClInclude Include="Inc\Geometry.h">
      <Filter>Inc\RenderObject</Filter>
    </ClInclude>
    <ClInclude Include="Inc\PipelineWorker.h">
      <Filter>Inc\RenderObject</Filter>
    </ClInclude>
    <ClInclude Include="Inc\PipelineComponent.h">
      <Filter>Inc\RenderObject</Filter>
    </ClInclude>
  </ItemGroup>
  <ItemGroup>
    <ClCompile Include="Src\Precompiled.cpp">
      <Filter>Src</Filter>
    </ClCompile>
    <ClCompile Include="Src\GraphicsSystem.cpp">
      <Filter>Src</Filter>
    </ClCompile>
    <ClCompile Include="Src\CommandQueue.cpp">
      <Filter>Src\NFGE_D3D12</Filter>
    </ClCompile>
    <ClCompile Include="Src\D3DUtil.cpp">
      <Filter>Src\Util</Filter>
    </ClCompile>
    <ClCompile Include="Src\UploadBuffer.cpp">
      <Filter>Src\NFGE_D3D12</Filter>
    </ClCompile>
    <ClCompile Include="Src\DescriptorAllocator.cpp">
      <Filter>Src\NFGE_D3D12</Filter>
    </ClCompile>
    <ClCompile Include="Src\DescriptorAllocatorPage.cpp">
      <Filter>Src\NFGE_D3D12</Filter>
    </ClCompile>
    <ClCompile Include="Src\DescriptorAllocation.cpp">
      <Filter>Src\NFGE_D3D12</Filter>
    </ClCompile>
    <ClCompile Include="Src\DynamicDescriptorHeap.cpp">
      <Filter>Src\NFGE_D3D12</Filter>
    </ClCompile>
    <ClCompile Include="Src\RootSignature.cpp">
      <Filter>Src\NFGE_D3D12</Filter>
    </ClCompile>
    <ClCompile Include="Src\ResourceStateTracker.cpp">
      <Filter>Src\NFGE_D3D12</Filter>
    </ClCompile>
    <ClCompile Include="Src\Resource.cpp">
      <Filter>Src\NFGE_D3D12</Filter>
    </ClCompile>
    <ClCompile Include="Src\RenderTarget.cpp">
      <Filter>Src\NFGE_D3D12</Filter>
    </ClCompile>
    <ClCompile Include="Src\GenerateMipsPSO.cpp">
      <Filter>Src</Filter>
    </ClCompile>
    <ClCompile Include="Src\Buffer.cpp">
      <Filter>Src\NFGE_D3D12</Filter>
    </ClCompile>
    <ClCompile Include="Src\VertexBuffer.cpp">
      <Filter>Src\NFGE_D3D12</Filter>
    </ClCompile>
    <ClCompile Include="Src\IndexBuffer.cpp">
      <Filter>Src\NFGE_D3D12</Filter>
    </ClCompile>
    <ClCompile Include="Src\Mesh.cpp">
      <Filter>Src\Mesh</Filter>
    </ClCompile>
    <ClCompile Include="Src\Geometry.cpp">
      <Filter>Src\RenderObject</Filter>
    </ClCompile>
    <ClCompile Include="Src\Texture.cpp">
      <Filter>Src\Material</Filter>
    </ClCompile>
    <ClCompile Include="Src\TextureManager.cpp">
      <Filter>Src\Material</Filter>
    </ClCompile>
    <ClCompile Include="Src\Camera.cpp">
      <Filter>Src\Camera</Filter>
    </ClCompile>
    <ClCompile Include="Src\PipelineWorker.cpp">
      <Filter>Src\RenderObject</Filter>
    </ClCompile>
    <ClCompile Include="Src\PipelineComponent.cpp">
      <Filter>Src\RenderObject</Filter>
    </ClCompile>
  </ItemGroup>
</Project>