
Microsoft Visual Studio Solution File, Format Version 12.00
# Visual Studio Version 17
VisualStudioVersion = 17.2.32616.157
MinimumVisualStudioVersion = 10.0.40219.1
Project("{8BC9CEB8-8B4A-11D0-8D11-00A0C91BC942}") = "NFGE_2", "Engine\NFGE_2\NFGE_2.vcxproj", "{09A1E488-4817-44B9-9328-FDCF65F4D951}"
EndProject
Project("{2150E333-8FDC-42A3-9474-1A3956D46DE8}") = "Engine", "Engine", "{C08FD7D5-C7F5-4F02-9199-1E825C6CCE9B}"
EndProject
Project("{2150E333-8FDC-42A3-9474-1A3956D46DE8}") = "External", "External", "{FE61C29F-1015-4A56-B722-399F3F77E1ED}"
EndProject
Project("{8BC9CEB8-8B4A-11D0-8D11-00A0C91BC942}") = "DirectXTK12", "External\DirectXTK12\DirectXTK_Desktop_2022_Win10.vcxproj", "{3E0E8608-CD9B-4C76-AF33-29CA38F2C9F0}"
EndProject
Project("{8BC9CEB8-8B4A-11D0-8D11-00A0C91BC942}") = "ImGui", "External\ImGui\ImGui.vcxproj", "{BFF9C813-01AF-43B3-A23E-2C62F332B994}"
EndProject
Project("{2150E333-8FDC-42A3-9474-1A3956D46DE8}") = "Framework", "Framework", "{DA935613-C01C-4FE2-B6B8-332B75068C1D}"
EndProject
Project("{8BC9CEB8-8B4A-11D0-8D11-00A0C91BC942}") = "Core", "Framework\Core\Core.vcxproj", "{08EBEDDA-74D0-4990-A74F-646E37C8B275}"
EndProject
Project("{8BC9CEB8-8B4A-11D0-8D11-00A0C91BC942}") = "NFGEMath", "Framework\NFGEMath\NFGEMath.vcxproj", "{0F59397E-DE53-4770-BB5A-00AC3C81DA90}"
EndProject
Project("{8BC9CEB8-8B4A-11D0-8D11-00A0C91BC942}") = "Grphics", "Framework\Grphics\Grphics.vcxproj", "{0B0404C0-6FDA-444D-B363-43A11EADDC16}"
EndProject
Project("{2150E333-8FDC-42A3-9474-1A3956D46DE8}") = "Demo", "Demo", "{3EEE3F21-DC04-4FFB-B26D-1D758B192D8E}"
EndProject
Project("{8BC9CEB8-8B4A-11D0-8D11-00A0C91BC942}") = "D3D12_basic", "Demo\D3D12_basic\D3D12_basic.vcxproj", "{708C8C2F-1E4A-4867-B48D-EDC1BF0CDEF7}"
EndProject
Project("{2150E333-8FDC-42A3-9474-1A3956D46DE8}") = "Assets", "Assets", "{5886F163-7B7D-467D-AB1B-9AD9CAAB96F1}"
EndProject
Project("{2150E333-8FDC-42A3-9474-1A3956D46DE8}") = "Shaders", "Shaders", "{7095640A-FCE0-4EC8-9594-C98510198C6A}"
	ProjectSection(SolutionItems) = preProject
		GenerateMips_CS.hlsl = GenerateMips_CS.hlsl
	EndProjectSection
EndProject
Project("{8BC9CEB8-8B4A-11D0-8D11-00A0C91BC942}") = "DirectXTex", "External\DirectXTex-main\DirectXTex\DirectXTex_Desktop_2022_Win10.vcxproj", "{371B9FA9-4C90-4AC6-A123-ACED756D6C77}"
EndProject
Project("{8BC9CEB8-8B4A-11D0-8D11-00A0C91BC942}") = "D3D12_Intermediate", "Demo\D3D12_Intermediate\D3D12_Intermediate.vcxproj", "{90168580-4969-48CC-B2DF-30AF6E95AAF9}"
EndProject
Global
	GlobalSection(SolutionConfigurationPlatforms) = preSolution
		Debug|ARM64 = Debug|ARM64
		Debug|x64 = Debug|x64
		Debug|x86 = Debug|x86
		Profile|ARM64 = Profile|ARM64
		Profile|x64 = Profile|x64
		Profile|x86 = Profile|x86
		Release|ARM64 = Release|ARM64
		Release|x64 = Release|x64
		Release|x86 = Release|x86
	EndGlobalSection
	GlobalSection(ProjectConfigurationPlatforms) = postSolution
		{09A1E488-4817-44B9-9328-FDCF65F4D951}.Debug|ARM64.ActiveCfg = Debug|x64
		{09A1E488-4817-44B9-9328-FDCF65F4D951}.Debug|ARM64.Build.0 = Debug|x64
		{09A1E488-4817-44B9-9328-FDCF65F4D951}.Debug|x64.ActiveCfg = Debug|x64
		{09A1E488-4817-44B9-9328-FDCF65F4D951}.Debug|x64.Build.0 = Debug|x64
		{09A1E488-4817-44B9-9328-FDCF65F4D951}.Debug|x86.ActiveCfg = Debug|Win32
		{09A1E488-4817-44B9-9328-FDCF65F4D951}.Debug|x86.Build.0 = Debug|Win32
		{09A1E488-4817-44B9-9328-FDCF65F4D951}.Profile|ARM64.ActiveCfg = Release|x64
		{09A1E488-4817-44B9-9328-FDCF65F4D951}.Profile|ARM64.Build.0 = Release|x64
		{09A1E488-4817-44B9-9328-FDCF65F4D951}.Profile|x64.ActiveCfg = Release|x64
		{09A1E488-4817-44B9-9328-FDCF65F4D951}.Profile|x64.Build.0 = Release|x64
		{09A1E488-4817-44B9-9328-FDCF65F4D951}.Profile|x86.ActiveCfg = Release|Win32
		{09A1E488-4817-44B9-9328-FDCF65F4D951}.Profile|x86.Build.0 = Release|Win32
		{09A1E488-4817-44B9-9328-FDCF65F4D951}.Release|ARM64.ActiveCfg = Release|x64
		{09A1E488-4817-44B9-9328-FDCF65F4D951}.Release|ARM64.Build.0 = Release|x64
		{09A1E488-4817-44B9-9328-FDCF65F4D951}.Release|x64.ActiveCfg = Release|x64
		{09A1E488-4817-44B9-9328-FDCF65F4D951}.Release|x64.Build.0 = Release|x64
		{09A1E488-4817-44B9-9328-FDCF65F4D951}.Release|x86.ActiveCfg = Release|Win32
		{09A1E488-4817-44B9-9328-FDCF65F4D951}.Release|x86.Build.0 = Release|Win32
		{3E0E8608-CD9B-4C76-AF33-29CA38F2C9F0}.Debug|ARM64.ActiveCfg = Debug|ARM64
		{3E0E8608-CD9B-4C76-AF33-29CA38F2C9F0}.Debug|ARM64.Build.0 = Debug|ARM64
		{3E0E8608-CD9B-4C76-AF33-29CA38F2C9F0}.Debug|x64.ActiveCfg = Debug|x64
		{3E0E8608-CD9B-4C76-AF33-29CA38F2C9F0}.Debug|x64.Build.0 = Debug|x64
		{3E0E8608-CD9B-4C76-AF33-29CA38F2C9F0}.Debug|x86.ActiveCfg = Debug|Win32
		{3E0E8608-CD9B-4C76-AF33-29CA38F2C9F0}.Debug|x86.Build.0 = Debug|Win32
		{3E0E8608-CD9B-4C76-AF33-29CA38F2C9F0}.Profile|ARM64.ActiveCfg = Release|ARM64
		{3E0E8608-CD9B-4C76-AF33-29CA38F2C9F0}.Profile|ARM64.Build.0 = Release|ARM64
		{3E0E8608-CD9B-4C76-AF33-29CA38F2C9F0}.Profile|x64.ActiveCfg = Release|x64
		{3E0E8608-CD9B-4C76-AF33-29CA38F2C9F0}.Profile|x64.Build.0 = Release|x64
		{3E0E8608-CD9B-4C76-AF33-29CA38F2C9F0}.Profile|x86.ActiveCfg = Release|Win32
		{3E0E8608-CD9B-4C76-AF33-29CA38F2C9F0}.Profile|x86.Build.0 = Release|Win32
		{3E0E8608-CD9B-4C76-AF33-29CA38F2C9F0}.Release|ARM64.ActiveCfg = Release|ARM64
		{3E0E8608-CD9B-4C76-AF33-29CA38F2C9F0}.Release|ARM64.Build.0 = Release|ARM64
		{3E0E8608-CD9B-4C76-AF33-29CA38F2C9F0}.Release|x64.ActiveCfg = Release|x64
		{3E0E8608-CD9B-4C76-AF33-29CA38F2C9F0}.Release|x64.Build.0 = Release|x64
		{3E0E8608-CD9B-4C76-AF33-29CA38F2C9F0}.Release|x86.ActiveCfg = Release|Win32
		{3E0E8608-CD9B-4C76-AF33-29CA38F2C9F0}.Release|x86.Build.0 = Release|Win32
		{BFF9C813-01AF-43B3-A23E-2C62F332B994}.Debug|ARM64.ActiveCfg = Debug|x64
		{BFF9C813-01AF-43B3-A23E-2C62F332B994}.Debug|ARM64.Build.0 = Debug|x64
		{BFF9C813-01AF-43B3-A23E-2C62F332B994}.Debug|x64.ActiveCfg = Debug|x64
		{BFF9C813-01AF-43B3-A23E-2C62F332B994}.Debug|x64.Build.0 = Debug|x64
		{BFF9C813-01AF-43B3-A23E-2C62F332B994}.Debug|x86.ActiveCfg = Debug|Win32
		{BFF9C813-01AF-43B3-A23E-2C62F332B994}.Debug|x86.Build.0 = Debug|Win32
		{BFF9C813-01AF-43B3-A23E-2C62F332B994}.Profile|ARM64.ActiveCfg = Release|x64
		{BFF9C813-01AF-43B3-A23E-2C62F332B994}.Profile|ARM64.Build.0 = Release|x64
		{BFF9C813-01AF-43B3-A23E-2C62F332B994}.Profile|x64.ActiveCfg = Release|x64
		{BFF9C813-01AF-43B3-A23E-2C62F332B994}.Profile|x64.Build.0 = Release|x64
		{BFF9C813-01AF-43B3-A23E-2C62F332B994}.Profile|x86.ActiveCfg = Release|Win32
		{BFF9C813-01AF-43B3-A23E-2C62F332B994}.Profile|x86.Build.0 = Release|Win32
		{BFF9C813-01AF-43B3-A23E-2C62F332B994}.Release|ARM64.ActiveCfg = Release|x64
		{BFF9C813-01AF-43B3-A23E-2C62F332B994}.Release|ARM64.Build.0 = Release|x64
		{BFF9C813-01AF-43B3-A23E-2C62F332B994}.Release|x64.ActiveCfg = Release|x64
		{BFF9C813-01AF-43B3-A23E-2C62F332B994}.Release|x64.Build.0 = Release|x64
		{BFF9C813-01AF-43B3-A23E-2C62F332B994}.Release|x86.ActiveCfg = Release|Win32
		{BFF9C813-01AF-43B3-A23E-2C62F332B994}.Release|x86.Build.0 = Release|Win32
		{08EBEDDA-74D0-4990-A74F-646E37C8B275}.Debug|ARM64.ActiveCfg = Debug|x64
		{08EBEDDA-74D0-4990-A74F-646E37C8B275}.Debug|ARM64.Build.0 = Debug|x64
		{08EBEDDA-74D0-4990-A74F-646E37C8B275}.Debug|x64.ActiveCfg = Debug|x64
		{08EBEDDA-74D0-4990-A74F-646E37C8B275}.Debug|x64.Build.0 = Debug|x64
		{08EBEDDA-74D0-4990-A74F-646E37C8B275}.Debug|x86.ActiveCfg = Debug|Win32
		{08EBEDDA-74D0-4990-A74F-646E37C8B275}.Debug|x86.Build.0 = Debug|Win32
		{08EBEDDA-74D0-4990-A74F-646E37C8B275}.Profile|ARM64.ActiveCfg = Release|x64
		{08EBEDDA-74D0-4990-A74F-646E37C8B275}.Profile|ARM64.Build.0 = Release|x64
		{08EBEDDA-74D0-4990-A74F-646E37C8B275}.Profile|x64.ActiveCfg = Release|x64
		{08EBEDDA-74D0-4990-A74F-646E37C8B275}.Profile|x64.Build.0 = Release|x64
		{08EBEDDA-74D0-4990-A74F-646E37C8B275}.Profile|x86.ActiveCfg = Release|Win32
		{08EBEDDA-74D0-4990-A74F-646E37C8B275}.Profile|x86.Build.0 = Release|Win32
		{08EBEDDA-74D0-4990-A74F-646E37C8B275}.Release|ARM64.ActiveCfg = Release|x64
		{08EBEDDA-74D0-4990-A74F-646E37C8B275}.Release|ARM64.Build.0 = Release|x64
		{08EBEDDA-74D0-4990-A74F-646E37C8B275}.Release|x64.ActiveCfg = Release|x64
		{08EBEDDA-74D0-4990-A74F-646E37C8B275}.Release|x64.Build.0 = Release|x64
		{08EBEDDA-74D0-4990-A74F-646E37C8B275}.Release|x86.ActiveCfg = Release|Win32
		{08EBEDDA-74D0-4990-A74F-646E37C8B275}.Release|x86.Build.0 = Release|Win32
		{0F59397E-DE53-4770-BB5A-00AC3C81DA90}.Debug|ARM64.ActiveCfg = Debug|x64
		{0F59397E-DE53-4770-BB5A-00AC3C81DA90}.Debug|ARM64.Build.0 = Debug|x64
		{0F59397E-DE53-4770-BB5A-00AC3C81DA90}.Debug|x64.ActiveCfg = Debug|x64
		{0F59397E-DE53-4770-BB5A-00AC3C81DA90}.Debug|x64.Build.0 = Debug|x64
		{0F59397E-DE53-4770-BB5A-00AC3C81DA90}.Debug|x86.ActiveCfg = Debug|Win32
		{0F59397E-DE53-4770-BB5A-00AC3C81DA90}.Debug|x86.Build.0 = Debug|Win32
		{0F59397E-DE53-4770-BB5A-00AC3C81DA90}.Profile|ARM64.ActiveCfg = Release|x64
		{0F59397E-DE53-4770-BB5A-00AC3C81DA90}.Profile|ARM64.Build.0 = Release|x64
		{0F59397E-DE53-4770-BB5A-00AC3C81DA90}.Profile|x64.ActiveCfg = Release|x64
		{0F59397E-DE53-4770-BB5A-00AC3C81DA90}.Profile|x64.Build.0 = Release|x64
		{0F59397E-DE53-4770-BB5A-00AC3C81DA90}.Profile|x86.ActiveCfg = Release|Win32
		{0F59397E-DE53-4770-BB5A-00AC3C81DA90}.Profile|x86.Build.0 = Release|Win32
		{0F59397E-DE53-4770-BB5A-00AC3C81DA90}.Release|ARM64.ActiveCfg = Release|x64
		{0F59397E-DE53-4770-BB5A-00AC3C81DA90}.Release|ARM64.Build.0 = Release|x64
		{0F59397E-DE53-4770-BB5A-00AC3C81DA90}.Release|x64.ActiveCfg = Release|x64
		{0F59397E-DE53-4770-BB5A-00AC3C81DA90}.Release|x64.Build.0 = Release|x64
		{0F59397E-DE53-4770-BB5A-00AC3C81DA90}.Release|x86.ActiveCfg = Release|Win32
		{0F59397E-DE53-4770-BB5A-00AC3C81DA90}.Release|x86.Build.0 = Release|Win32
		{0B0404C0-6FDA-444D-B363-43A11EADDC16}.Debug|ARM64.ActiveCfg = Debug|x64
		{0B0404C0-6FDA-444D-B363-43A11EADDC16}.Debug|ARM64.Build.0 = Debug|x64
		{0B0404C0-6FDA-444D-B363-43A11EADDC16}.Debug|x64.ActiveCfg = Debug|x64
		{0B0404C0-6FDA-444D-B363-43A11EADDC16}.Debug|x64.Build.0 = Debug|x64
		{0B0404C0-6FDA-444D-B363-43A11EADDC16}.Debug|x86.ActiveCfg = Debug|Win32
		{0B0404C0-6FDA-444D-B363-43A11EADDC16}.Debug|x86.Build.0 = Debug|Win32
		{0B0404C0-6FDA-444D-B363-43A11EADDC16}.Profile|ARM64.ActiveCfg = Release|x64
		{0B0404C0-6FDA-444D-B363-43A11EADDC16}.Profile|ARM64.Build.0 = Release|x64
		{0B0404C0-6FDA-444D-B363-43A11EADDC16}.Profile|x64.ActiveCfg = Release|x64
		{0B0404C0-6FDA-444D-B363-43A11EADDC16}.Profile|x64.Build.0 = Release|x64
		{0B0404C0-6FDA-444D-B363-43A11EADDC16}.Profile|x86.ActiveCfg = Release|Win32
		{0B0404C0-6FDA-444D-B363-43A11EADDC16}.Profile|x86.Build.0 = Release|Win32
		{0B0404C0-6FDA-444D-B363-43A11EADDC16}.Release|ARM64.ActiveCfg = Release|x64
		{0B0404C0-6FDA-444D-B363-43A11EADDC16}.Release|ARM64.Build.0 = Release|x64
		{0B0404C0-6FDA-444D-B363-43A11EADDC16}.Release|x64.ActiveCfg = Release|x64
		{0B0404C0-6FDA-444D-B363-43A11EADDC16}.Release|x64.Build.0 = Release|x64
		{0B0404C0-6FDA-444D-B363-43A11EADDC16}.Release|x86.ActiveCfg = Release|Win32
		{0B0404C0-6FDA-444D-B363-43A11EADDC16}.Release|x86.Build.0 = Release|Win32
		{708C8C2F-1E4A-4867-B48D-EDC1BF0CDEF7}.Debug|ARM64.ActiveCfg = Debug|x64
		{708C8C2F-1E4A-4867-B48D-EDC1BF0CDEF7}.Debug|ARM64.Build.0 = Debug|x64
		{708C8C2F-1E4A-4867-B48D-EDC1BF0CDEF7}.Debug|x64.ActiveCfg = Debug|x64
		{708C8C2F-1E4A-4867-B48D-EDC1BF0CDEF7}.Debug|x64.Build.0 = Debug|x64
		{708C8C2F-1E4A-4867-B48D-EDC1BF0CDEF7}.Debug|x86.ActiveCfg = Debug|Win32
		{708C8C2F-1E4A-4867-B48D-EDC1BF0CDEF7}.Debug|x86.Build.0 = Debug|Win32
		{708C8C2F-1E4A-4867-B48D-EDC1BF0CDEF7}.Profile|ARM64.ActiveCfg = Release|x64
		{708C8C2F-1E4A-4867-B48D-EDC1BF0CDEF7}.Profile|ARM64.Build.0 = Release|x64
		{708C8C2F-1E4A-4867-B48D-EDC1BF0CDEF7}.Profile|x64.ActiveCfg = Release|x64
		{708C8C2F-1E4A-4867-B48D-EDC1BF0CDEF7}.Profile|x64.Build.0 = Release|x64
		{708C8C2F-1E4A-4867-B48D-EDC1BF0CDEF7}.Profile|x86.ActiveCfg = Release|Win32
		{708C8C2F-1E4A-4867-B48D-EDC1BF0CDEF7}.Profile|x86.Build.0 = Release|Win32
		{708C8C2F-1E4A-4867-B48D-EDC1BF0CDEF7}.Release|ARM64.ActiveCfg = Release|x64
		{708C8C2F-1E4A-4867-B48D-EDC1BF0CDEF7}.Release|ARM64.Build.0 = Release|x64
		{708C8C2F-1E4A-4867-B48D-EDC1BF0CDEF7}.Release|x64.ActiveCfg = Release|x64
		{708C8C2F-1E4A-4867-B48D-EDC1BF0CDEF7}.Release|x64.Build.0 = Release|x64
		{708C8C2F-1E4A-4867-B48D-EDC1BF0CDEF7}.Release|x86.ActiveCfg = Release|Win32
		{708C8C2F-1E4A-4867-B48D-EDC1BF0CDEF7}.Release|x86.Build.0 = Release|Win32
		{371B9FA9-4C90-4AC6-A123-ACED756D6C77}.Debug|ARM64.ActiveCfg = Debug|ARM64
		{371B9FA9-4C90-4AC6-A123-ACED756D6C77}.Debug|ARM64.Build.0 = Debug|ARM64
		{371B9FA9-4C90-4AC6-A123-ACED756D6C77}.Debug|x64.ActiveCfg = Debug|x64
		{371B9FA9-4C90-4AC6-A123-ACED756D6C77}.Debug|x64.Build.0 = Debug|x64
		{371B9FA9-4C90-4AC6-A123-ACED756D6C77}.Debug|x86.ActiveCfg = Debug|Win32
		{371B9FA9-4C90-4AC6-A123-ACED756D6C77}.Debug|x86.Build.0 = Debug|Win32
		{371B9FA9-4C90-4AC6-A123-ACED756D6C77}.Profile|ARM64.ActiveCfg = Profile|ARM64
		{371B9FA9-4C90-4AC6-A123-ACED756D6C77}.Profile|ARM64.Build.0 = Profile|ARM64
		{371B9FA9-4C90-4AC6-A123-ACED756D6C77}.Profile|x64.ActiveCfg = Profile|x64
		{371B9FA9-4C90-4AC6-A123-ACED756D6C77}.Profile|x64.Build.0 = Profile|x64
		{371B9FA9-4C90-4AC6-A123-ACED756D6C77}.Profile|x86.ActiveCfg = Profile|Win32
		{371B9FA9-4C90-4AC6-A123-ACED756D6C77}.Profile|x86.Build.0 = Profile|Win32
		{371B9FA9-4C90-4AC6-A123-ACED756D6C77}.Release|ARM64.ActiveCfg = Release|ARM64
		{371B9FA9-4C90-4AC6-A123-ACED756D6C77}.Release|ARM64.Build.0 = Release|ARM64
		{371B9FA9-4C90-4AC6-A123-ACED756D6C77}.Release|x64.ActiveCfg = Release|x64
		{371B9FA9-4C90-4AC6-A123-ACED756D6C77}.Release|x64.Build.0 = Release|x64
		{371B9FA9-4C90-4AC6-A123-ACED756D6C77}.Release|x86.ActiveCfg = Release|Win32
		{371B9FA9-4C90-4AC6-A123-ACED756D6C77}.Release|x86.Build.0 = Release|Win32
		{90168580-4969-48CC-B2DF-30AF6E95AAF9}.Debug|ARM64.ActiveCfg = Debug|x64
		{90168580-4969-48CC-B2DF-30AF6E95AAF9}.Debug|ARM64.Build.0 = Debug|x64
		{90168580-4969-48CC-B2DF-30AF6E95AAF9}.Debug|x64.ActiveCfg = Debug|x64
		{90168580-4969-48CC-B2DF-30AF6E95AAF9}.Debug|x64.Build.0 = Debug|x64
		{90168580-4969-48CC-B2DF-30AF6E95AAF9}.Debug|x86.ActiveCfg = Debug|Win32
		{90168580-4969-48CC-B2DF-30AF6E95AAF9}.Debug|x86.Build.0 = Debug|Win32
		{90168580-4969-48CC-B2DF-30AF6E95AAF9}.Profile|ARM64.ActiveCfg = Debug|x64
		{90168580-4969-48CC-B2DF-30AF6E95AAF9}.Profile|ARM64.Build.0 = Debug|x64
		{90168580-4969-48CC-B2DF-30AF6E95AAF9}.Profile|x64.ActiveCfg = Debug|x64
		{90168580-4969-48CC-B2DF-30AF6E95AAF9}.Profile|x64.Build.0 = Debug|x64
		{90168580-4969-48CC-B2DF-30AF6E95AAF9}.Profile|x86.ActiveCfg = Debug|Win32
		{90168580-4969-48CC-B2DF-30AF6E95AAF9}.Profile|x86.Build.0 = Debug|Win32
		{90168580-4969-48CC-B2DF-30AF6E95AAF9}.Release|ARM64.ActiveCfg = Release|x64
		{90168580-4969-48CC-B2DF-30AF6E95AAF9}.Release|ARM64.Build.0 = Release|x64
		{90168580-4969-48CC-B2DF-30AF6E95AAF9}.Release|x64.ActiveCfg = Release|x64
		{90168580-4969-48CC-B2DF-30AF6E95AAF9}.Release|x64.Build.0 = Release|x64
		{90168580-4969-48CC-B2DF-30AF6E95AAF9}.Release|x86.ActiveCfg = Release|Win32
		{90168580-4969-48CC-B2DF-30AF6E95AAF9}.Release|x86.Build.0 = Release|Win32
	EndGlobalSection
	GlobalSection(SolutionProperties) = preSolution
		HideSolutionNode = FALSE
	EndGlobalSection
	GlobalSection(NestedProjects) = preSolution
		{09A1E488-4817-44B9-9328-FDCF65F4D951} = {C08FD7D5-C7F5-4F02-9199-1E825C6CCE9B}
		{3E0E8608-CD9B-4C76-AF33-29CA38F2C9F0} = {FE61C29F-1015-4A56-B722-399F3F77E1ED}
		{BFF9C813-01AF-43B3-A23E-2C62F332B994} = {FE61C29F-1015-4A56-B722-399F3F77E1ED}
		{08EBEDDA-74D0-4990-A74F-646E37C8B275} = {DA935613-C01C-4FE2-B6B8-332B75068C1D}
		{0F59397E-DE53-4770-BB5A-00AC3C81DA90} = {DA935613-C01C-4FE2-B6B8-332B75068C1D}
		{0B0404C0-6FDA-444D-B363-43A11EADDC16} = {DA935613-C01C-4FE2-B6B8-332B75068C1D}
		{708C8C2F-1E4A-4867-B48D-EDC1BF0CDEF7} = {3EEE3F21-DC04-4FFB-B26D-1D758B192D8E}
		{7095640A-FCE0-4EC8-9594-C98510198C6A} = {5886F163-7B7D-467D-AB1B-9AD9CAAB96F1}
		{371B9FA9-4C90-4AC6-A123-ACED756D6C77} = {FE61C29F-1015-4A56-B722-399F3F77E1ED}
		{90168580-4969-48CC-B2DF-30AF6E95AAF9} = {3EEE3F21-DC04-4FFB-B26D-1D758B192D8E}
	EndGlobalSection
	GlobalSection(ExtensibilityGlobals) = postSolution
		SolutionGuid = {80151818-26EA-42CE-9E17-D6ED76A7DC88}
	EndGlobalSection
EndGlobal
